
Microsoft Visual Studio Solution File, Format Version 12.00
# Visual Studio Version 17
VisualStudioVersion = 17.11.35327.3
MinimumVisualStudioVersion = 10.0.40219.1
Project("{9A19103F-16F7-4668-BE54-9A1E7A4F7556}") = "BlazorTestApp", "BlazorTestApp.csproj", "{20AD3C8C-1620-46C0-94EC-76AF0344ECC1}"
EndProject
Global
	GlobalSection(SolutionConfigurationPlatforms) = preSolution
		Debug|Any CPU = Debug|Any CPU
		Release|Any CPU = Release|Any CPU
	EndGlobalSection
	GlobalSection(ProjectConfigurationPlatforms) = postSolution
		{20AD3C8C-1620-46C0-94EC-76AF0344ECC1}.Debug|Any CPU.ActiveCfg = Debug|Any CPU
		{20AD3C8C-1620-46C0-94EC-76AF0344ECC1}.Debug|Any CPU.Build.0 = Debug|Any CPU
		{20AD3C8C-1620-46C0-94EC-76AF0344ECC1}.Release|Any CPU.ActiveCfg = Release|Any CPU
		{20AD3C8C-1620-46C0-94EC-76AF0344ECC1}.Release|Any CPU.Build.0 = Release|Any CPU
	EndGlobalSection
	GlobalSection(SolutionProperties) = preSolution
		HideSolutionNode = FALSE
	EndGlobalSection
	GlobalSection(ExtensibilityGlobals) = postSolution
		SolutionGuid = {50C5B486-6A68-4AAF-815D-54F1C4D1E507}
	EndGlobalSection
EndGlobal
